{
  "name": "local.EHC.com",
  "lockfileVersion": 2,
  "requires": true,
  "packages": {
    "": {
      "dependencies": {
        "@weavy/dropin-js": "^13.0.0"
      }
    },
    "node_modules/@weavy/dropin-js": {
      "version": "13.0.0",
      "resolved": "https://registry.npmjs.org/@weavy/dropin-js/-/dropin-js-13.0.0.tgz",
      "integrity": "sha512-zDsRXyKtf7wJC8nVaYWt4kYb83JfDxiHBnOvadz4fEeipul+vp3LvvV7gki2xSMG+Kd8ap+2hKAhHmWBNp6e5A=="
    }
  },
  "dependencies": {
    "@weavy/dropin-js": {
      "version": "13.0.0",
      "resolved": "https://registry.npmjs.org/@weavy/dropin-js/-/dropin-js-13.0.0.tgz",
      "integrity": "sha512-zDsRXyKtf7wJC8nVaYWt4kYb83JfDxiHBnOvadz4fEeipul+vp3LvvV7gki2xSMG+Kd8ap+2hKAhHmWBNp6e5A=="
    }
  }
}
